// !$*UTF8*$!
{
	archiveVersion = 1;
	classes = {
	};
	objectVersion = 77;
	objects = {

/* Begin PBXContainerItemProxy section */
		C9EDD0C32E57570C009B2A8D /* PBXContainerItemProxy */ = {
			isa = PBXContainerItemProxy;
			containerPortal = C9EDD0AD2E57570A009B2A8D /* Project object */;
			proxyType = 1;
			remoteGlobalIDString = C9EDD0B42E57570A009B2A8D;
			remoteInfo = bondshield_v1;
		};
		C9EDD0CD2E57570C009B2A8D /* PBXContainerItemProxy */ = {
			isa = PBXContainerItemProxy;
			containerPortal = C9EDD0AD2E57570A009B2A8D /* Project object */;
			proxyType = 1;
			remoteGlobalIDString = C9EDD0B42E57570A009B2A8D;
			remoteInfo = bondshield_v1;
		};
/* End PBXContainerItemProxy section */

/* Begin PBXFileReference section */
		C9EDD0B52E57570A009B2A8D /* bondshield_v1.app */ = {isa = PBXFileReference; explicitFileType = wrapper.application; includeInIndex = 0; path = bondshield_v1.app; sourceTree = BUILT_PRODUCTS_DIR; };
		C9EDD0C22E57570C009B2A8D /* bondshield_v1Tests.xctest */ = {isa = PBXFileReference; explicitFileType = wrapper.cfbundle; includeInIndex = 0; path = bondshield_v1Tests.xctest; sourceTree = BUILT_PRODUCTS_DIR; };
		C9EDD0CC2E57570C009B2A8D /* bondshield_v1UITests.xctest */ = {isa = PBXFileReference; explicitFileType = wrapper.cfbundle; includeInIndex = 0; path = bondshield_v1UITests.xctest; sourceTree = BUILT_PRODUCTS_DIR; };
/* End PBXFileReference section */

/* Begin PBXFileSystemSynchronizedRootGroup section */
		C9EDD0B72E57570A009B2A8D /* bondshield_v1 */ = {
			isa = PBXFileSystemSynchronizedRootGroup;
			path = bondshield_v1;
			sourceTree = "<group>";
		};
		C9EDD0C52E57570C009B2A8D /* bondshield_v1Tests */ = {
			isa = PBXFileSystemSynchronizedRootGroup;
			path = bondshield_v1Tests;
			sourceTree = "<group>";
		};
		C9EDD0CF2E57570C009B2A8D /* bondshield_v1UITests */ = {
			isa = PBXFileSystemSynchronizedRootGroup;
			path = bondshield_v1UITests;
			sourceTree = "<group>";
		};
/* End PBXFileSystemSynchronizedRootGroup section */

/* Begin PBXFrameworksBuildPhase section */
		C9EDD0B22E57570A009B2A8D /* Frameworks */ = {
			isa = PBXFrameworksBuildPhase;
			buildActionMask = 2147483647;
			files = (
			);
			runOnlyForDeploymentPostprocessing = 0;
		};
		C9EDD0BF2E57570C009B2A8D /* Frameworks */ = {
			isa = PBXFrameworksBuildPhase;
			buildActionMask = 2147483647;
			files = (
			);
			runOnlyForDeploymentPostprocessing = 0;
		};
		C9EDD0C92E57570C009B2A8D /* Frameworks */ = {
			isa = PBXFrameworksBuildPhase;
			buildActionMask = 2147483647;
			files = (
			);
			runOnlyForDeploymentPostprocessing = 0;
		};
/* End PBXFrameworksBuildPhase section */

/* Begin PBXGroup section */
		C9EDD0AC2E57570A009B2A8D = {
			isa = PBXGroup;
			children = (
				C9EDD0B72E57570A009B2A8D /* bondshield_v1 */,
				C9EDD0C52E57570C009B2A8D /* bondshield_v1Tests */,
				C9EDD0CF2E57570C009B2A8D /* bondshield_v1UITests */,
				C9EDD0B62E57570A009B2A8D /* Products */,
			);
			sourceTree = "<group>";
		};
		C9EDD0B62E57570A009B2A8D /* Products */ = {
			isa = PBXGroup;
			children = (
				C9EDD0B52E57570A009B2A8D /* bondshield_v1.app */,
				C9EDD0C22E57570C009B2A8D /* bondshield_v1Tests.xctest */,
				C9EDD0CC2E57570C009B2A8D /* bondshield_v1UITests.xctest */,
			);
			name = Products;
			sourceTree = "<group>";
		};
/* End PBXGroup section */

/* Begin PBXNativeTarget section */
		C9EDD0B42E57570A009B2A8D /* bondshield_v1 */ = {
			isa = PBXNativeTarget;
			buildConfigurationList = C9EDD0D62E57570C009B2A8D /* Build configuration list for PBXNativeTarget "bondshield_v1" */;
			buildPhases = (
				C9EDD0B12E57570A009B2A8D /* Sources */,
				C9EDD0B22E57570A009B2A8D /* Frameworks */,
				C9EDD0B32E57570A009B2A8D /* Resources */,
			);
			buildRules = (
			);
			dependencies = (
			);
			fileSystemSynchronizedGroups = (
				C9EDD0B72E57570A009B2A8D /* bondshield_v1 */,
			);
			name = bondshield_v1;
			packageProductDependencies = (
			);
			productName = bondshield_v1;
			productReference = C9EDD0B52E57570A009B2A8D /* bondshield_v1.app */;
			productType = "com.apple.product-type.application";
		};
		C9EDD0C12E57570C009B2A8D /* bondshield_v1Tests */ = {
			isa = PBXNativeTarget;
			buildConfigurationList = C9EDD0D92E57570C009B2A8D /* Build configuration list for PBXNativeTarget "bondshield_v1Tests" */;
			buildPhases = (
				C9EDD0BE2E57570C009B2A8D /* Sources */,
				C9EDD0BF2E57570C009B2A8D /* Frameworks */,
				C9EDD0C02E57570C009B2A8D /* Resources */,
			);
			buildRules = (
			);
			dependencies = (
				C9EDD0C42E57570C009B2A8D /* PBXTargetDependency */,
			);
			fileSystemSynchronizedGroups = (
				C9EDD0C52E57570C009B2A8D /* bondshield_v1Tests */,
			);
			name = bondshield_v1Tests;
			packageProductDependencies = (
			);
			productName = bondshield_v1Tests;
			productReference = C9EDD0C22E57570C009B2A8D /* bondshield_v1Tests.xctest */;
			productType = "com.apple.product-type.bundle.unit-test";
		};
		C9EDD0CB2E57570C009B2A8D /* bondshield_v1UITests */ = {
			isa = PBXNativeTarget;
			buildConfigurationList = C9EDD0DC2E57570C009B2A8D /* Build configuration list for PBXNativeTarget "bondshield_v1UITests" */;
			buildPhases = (
				C9EDD0C82E57570C009B2A8D /* Sources */,
				C9EDD0C92E57570C009B2A8D /* Frameworks */,
				C9EDD0CA2E57570C009B2A8D /* Resources */,
			);
			buildRules = (
			);
			dependencies = (
				C9EDD0CE2E57570C009B2A8D /* PBXTargetDependency */,
			);
			fileSystemSynchronizedGroups = (
				C9EDD0CF2E57570C009B2A8D /* bondshield_v1UITests */,
			);
			name = bondshield_v1UITests;
			packageProductDependencies = (
			);
			productName = bondshield_v1UITests;
			productReference = C9EDD0CC2E57570C009B2A8D /* bondshield_v1UITests.xctest */;
			productType = "com.apple.product-type.bundle.ui-testing";
		};
/* End PBXNativeTarget section */

/* Begin PBXProject section */
		C9EDD0AD2E57570A009B2A8D /* Project object */ = {
			isa = PBXProject;
			attributes = {
				BuildIndependentTargetsInParallel = 1;
				LastSwiftUpdateCheck = 1640;
				LastUpgradeCheck = 1640;
				TargetAttributes = {
					C9EDD0B42E57570A009B2A8D = {
						CreatedOnToolsVersion = 16.4;
					};
					C9EDD0C12E57570C009B2A8D = {
						CreatedOnToolsVersion = 16.4;
						TestTargetID = C9EDD0B42E57570A009B2A8D;
					};
					C9EDD0CB2E57570C009B2A8D = {
						CreatedOnToolsVersion = 16.4;
						TestTargetID = C9EDD0B42E57570A009B2A8D;
					};
				};
			};
			buildConfigurationList = C9EDD0B02E57570A009B2A8D /* Build configuration list for PBXProject "bondshield_v1" */;
			developmentRegion = en;
			hasScannedForEncodings = 0;
			knownRegions = (
				en,
				Base,
			);
			mainGroup = C9EDD0AC2E57570A009B2A8D;
			minimizedProjectReferenceProxies = 1;
			preferredProjectObjectVersion = 77;
			productRefGroup = C9EDD0B62E57570A009B2A8D /* Products */;
			projectDirPath = "";
			projectRoot = "";
			targets = (
				C9EDD0B42E57570A009B2A8D /* bondshield_v1 */,
				C9EDD0C12E57570C009B2A8D /* bondshield_v1Tests */,
				C9EDD0CB2E57570C009B2A8D /* bondshield_v1UITests */,
			);
		};
/* End PBXProject section */

/* Begin PBXResourcesBuildPhase section */
		C9EDD0B32E57570A009B2A8D /* Resources */ = {
			isa = PBXResourcesBuildPhase;
			buildActionMask = 2147483647;
			files = (
			);
			runOnlyForDeploymentPostprocessing = 0;
		};
		C9EDD0C02E57570C009B2A8D /* Resources */ = {
			isa = PBXResourcesBuildPhase;
			buildActionMask = 2147483647;
			files = (
			);
			runOnlyForDeploymentPostprocessing = 0;
		};
		C9EDD0CA2E57570C009B2A8D /* Resources */ = {
			isa = PBXResourcesBuildPhase;
			buildActionMask = 2147483647;
			files = (
			);
			runOnlyForDeploymentPostprocessing = 0;
		};
/* End PBXResourcesBuildPhase section */

/* Begin PBXSourcesBuildPhase section */
		C9EDD0B12E57570A009B2A8D /* Sources */ = {
			isa = PBXSourcesBuildPhase;
			buildActionMask = 2147483647;
			files = (
			);
			runOnlyForDeploymentPostprocessing = 0;
		};
		C9EDD0BE2E57570C009B2A8D /* Sources */ = {
			isa = PBXSourcesBuildPhase;
			buildActionMask = 2147483647;
			files = (
			);
			runOnlyForDeploymentPostprocessing = 0;
		};
		C9EDD0C82E57570C009B2A8D /* Sources */ = {
			isa = PBXSourcesBuildPhase;
			buildActionMask = 2147483647;
			files = (
			);
			runOnlyForDeploymentPostprocessing = 0;
		};
/* End PBXSourcesBuildPhase section */

/* Begin PBXTargetDependency section */
		C9EDD0C42E57570C009B2A8D /* PBXTargetDependency */ = {
			isa = PBXTargetDependency;
			target = C9EDD0B42E57570A009B2A8D /* bondshield_v1 */;
			targetProxy = C9EDD0C32E57570C009B2A8D /* PBXContainerItemProxy */;
		};
		C9EDD0CE2E57570C009B2A8D /* PBXTargetDependency */ = {
			isa = PBXTargetDependency;
			target = C9EDD0B42E57570A009B2A8D /* bondshield_v1 */;
			targetProxy = C9EDD0CD2E57570C009B2A8D /* PBXContainerItemProxy */;
		};
/* End PBXTargetDependency section */

/* Begin XCBuildConfiguration section */
		C9EDD0D42E57570C009B2A8D /* Debug */ = {
			isa = XCBuildConfiguration;
			buildSettings = {
				ALWAYS_SEARCH_USER_PATHS = NO;
				ASSETCATALOG_COMPILER_GENERATE_SWIFT_ASSET_SYMBOL_EXTENSIONS = YES;
				CLANG_ANALYZER_NONNULL = YES;
				CLANG_ANALYZER_NUMBER_OBJECT_CONVERSION = YES_AGGRESSIVE;
				CLANG_CXX_LANGUAGE_STANDARD = "gnu++20";
				CLANG_ENABLE_MODULES = YES;
				CLANG_ENABLE_OBJC_ARC = YES;
				CLANG_ENABLE_OBJC_WEAK = YES;
				CLANG_WARN_BLOCK_CAPTURE_AUTORELEASING = YES;
				CLANG_WARN_BOOL_CONVERSION = YES;
				CLANG_WARN_COMMA = YES;
				CLANG_WARN_CONSTANT_CONVERSION = YES;
				CLANG_WARN_DEPRECATED_OBJC_IMPLEMENTATIONS = YES;
				CLANG_WARN_DIRECT_OBJC_ISA_USAGE = YES_ERROR;
				CLANG_WARN_DOCUMENTATION_COMMENTS = YES;
				CLANG_WARN_EMPTY_BODY = YES;
				CLANG_WARN_ENUM_CONVERSION = YES;
				CLANG_WARN_INFINITE_RECURSION = YES;
				CLANG_WARN_INT_CONVERSION = YES;
				CLANG_WARN_NON_LITERAL_NULL_CONVERSION = YES;
				CLANG_WARN_OBJC_IMPLICIT_RETAIN_SELF = YES;
				CLANG_WARN_OBJC_LITERAL_CONVERSION = YES;
				CLANG_WARN_OBJC_ROOT_CLASS = YES_ERROR;
				CLANG_WARN_QUOTED_INCLUDE_IN_FRAMEWORK_HEADER = YES;
				CLANG_WARN_RANGE_LOOP_ANALYSIS = YES;
				CLANG_WARN_STRICT_PROTOTYPES = YES;
				CLANG_WARN_SUSPICIOUS_MOVE = YES;
				CLANG_WARN_UNGUARDED_AVAILABILITY = YES_AGGRESSIVE;
				CLANG_WARN_UNREACHABLE_CODE = YES;
				CLANG_WARN__DUPLICATE_METHOD_MATCH = YES;
				COPY_PHASE_STRIP = NO;
				DEBUG_INFORMATION_FORMAT = dwarf;
				ENABLE_STRICT_OBJC_MSGSEND = YES;
				ENABLE_TESTABILITY = YES;
				ENABLE_USER_SCRIPT_SANDBOXING = YES;
				GCC_C_LANGUAGE_STANDARD = gnu17;
				GCC_DYNAMIC_NO_PIC = NO;
				GCC_NO_COMMON_BLOCKS = YES;
				GCC_OPTIMIZATION_LEVEL = 0;
				GCC_PREPROCESSOR_DEFINITIONS = (
					"DEBUG=1",
					"$(inherited)",
				);
				GCC_WARN_64_TO_32_BIT_CONVERSION = YES;
				GCC_WARN_ABOUT_RETURN_TYPE = YES_ERROR;
				GCC_WARN_UNDECLARED_SELECTOR = YES;
				GCC_WARN_UNINITIALIZED_AUTOS = YES_AGGRESSIVE;
				GCC_WARN_UNUSED_FUNCTION = YES;
				GCC_WARN_UNUSED_VARIABLE = YES;
				IPHONEOS_DEPLOYMENT_TARGET = 18.5;
				LOCALIZATION_PREFERS_STRING_CATALOGS = YES;
				MTL_ENABLE_DEBUG_INFO = INCLUDE_SOURCE;
				MTL_FAST_MATH = YES;
				ONLY_ACTIVE_ARCH = YES;
				SDKROOT = iphoneos;
				SWIFT_ACTIVE_COMPILATION_CONDITIONS = "DEBUG $(inherited)";
				SWIFT_OPTIMIZATION_LEVEL = "-Onone";
			};
			name = Debug;
		};
		C9EDD0D52E57570C009B2A8D /* Release */ = {
			isa = XCBuildConfiguration;
			buildSettings = {
				ALWAYS_SEARCH_USER_PATHS = NO;
				ASSETCATALOG_COMPILER_GENERATE_SWIFT_ASSET_SYMBOL_EXTENSIONS = YES;
				CLANG_ANALYZER_NONNULL = YES;
				CLANG_ANALYZER_NUMBER_OBJECT_CONVERSION = YES_AGGRESSIVE;
				CLANG_CXX_LANGUAGE_STANDARD = "gnu++20";
				CLANG_ENABLE_MODULES = YES;
				CLANG_ENABLE_OBJC_ARC = YES;
				CLANG_ENABLE_OBJC_WEAK = YES;
				CLANG_WARN_BLOCK_CAPTURE_AUTORELEASING = YES;
				CLANG_WARN_BOOL_CONVERSION = YES;
				CLANG_WARN_COMMA = YES;
				CLANG_WARN_CONSTANT_CONVERSION = YES;
				CLANG_WARN_DEPRECATED_OBJC_IMPLEMENTATIONS = YES;
				CLANG_WARN_DIRECT_OBJC_ISA_USAGE = YES_ERROR;
				CLANG_WARN_DOCUMENTATION_COMMENTS = YES;
				CLANG_WARN_EMPTY_BODY = YES;
				CLANG_WARN_ENUM_CONVERSION = YES;
				CLANG_WARN_INFINITE_RECURSION = YES;
				CLANG_WARN_INT_CONVERSION = YES;
				CLANG_WARN_NON_LITERAL_NULL_CONVERSION = YES;
				CLANG_WARN_OBJC_IMPLICIT_RETAIN_SELF = YES;
				CLANG_WARN_OBJC_LITERAL_CONVERSION = YES;
				CLANG_WARN_OBJC_ROOT_CLASS = YES_ERROR;
				CLANG_WARN_QUOTED_INCLUDE_IN_FRAMEWORK_HEADER = YES;
				CLANG_WARN_RANGE_LOOP_ANALYSIS = YES;
				CLANG_WARN_STRICT_PROTOTYPES = YES;
				CLANG_WARN_SUSPICIOUS_MOVE = YES;
				CLANG_WARN_UNGUARDED_AVAILABILITY = YES_AGGRESSIVE;
				CLANG_WARN_UNREACHABLE_CODE = YES;
				CLANG_WARN__DUPLICATE_METHOD_MATCH = YES;
				COPY_PHASE_STRIP = NO;
				DEBUG_INFORMATION_FORMAT = "dwarf-with-dsym";
				ENABLE_NS_ASSERTIONS = NO;
				ENABLE_STRICT_OBJC_MSGSEND = YES;
				ENABLE_USER_SCRIPT_SANDBOXING = YES;
				GCC_C_LANGUAGE_STANDARD = gnu17;
				GCC_NO_COMMON_BLOCKS = YES;
				GCC_WARN_64_TO_32_BIT_CONVERSION = YES;
				GCC_WARN_ABOUT_RETURN_TYPE = YES_ERROR;
				GCC_WARN_UNDECLARED_SELECTOR = YES;
				GCC_WARN_UNINITIALIZED_AUTOS = YES_AGGRESSIVE;
				GCC_WARN_UNUSED_FUNCTION = YES;
				GCC_WARN_UNUSED_VARIABLE = YES;
				IPHONEOS_DEPLOYMENT_TARGET = 18.5;
				LOCALIZATION_PREFERS_STRING_CATALOGS = YES;
				MTL_ENABLE_DEBUG_INFO = NO;
				MTL_FAST_MATH = YES;
				SDKROOT = iphoneos;
				SWIFT_COMPILATION_MODE = wholemodule;
				VALIDATE_PRODUCT = YES;
			};
			name = Release;
		};
		C9EDD0D72E57570C009B2A8D /* Debug */ = {
			isa = XCBuildConfiguration;
			buildSettings = {
				ASSETCATALOG_COMPILER_APPICON_NAME = AppIcon;
				ASSETCATALOG_COMPILER_GLOBAL_ACCENT_COLOR_NAME = AccentColor;
				CODE_SIGN_STYLE = Automatic;
				CURRENT_PROJECT_VERSION = 1;
				ENABLE_PREVIEWS = YES;
				GENERATE_INFOPLIST_FILE = YES;
				INFOPLIST_KEY_UIApplicationSceneManifest_Generation = YES;
				INFOPLIST_KEY_UIApplicationSupportsIndirectInputEvents = YES;
				INFOPLIST_KEY_UILaunchScreen_Generation = YES;
				INFOPLIST_KEY_UISupportedInterfaceOrientations_iPad = "UIInterfaceOrientationPortrait UIInterfaceOrientationPortraitUpsideDown UIInterfaceOrientationLandscapeLeft UIInterfaceOrientationLandscapeRight";
				INFOPLIST_KEY_UISupportedInterfaceOrientations_iPhone = "UIInterfaceOrientationPortrait UIInterfaceOrientationLandscapeLeft UIInterfaceOrientationLandscapeRight";
				LD_RUNPATH_SEARCH_PATHS = (
					"$(inherited)",
					"@executable_path/Frameworks",
				);
				MARKETING_VERSION = 1.0;
				PRODUCT_BUNDLE_IDENTIFIER = "com.bondshield-V1.bondshield-v1";
				PRODUCT_NAME = "$(TARGET_NAME)";
				SWIFT_EMIT_LOC_STRINGS = YES;
				SWIFT_VERSION = 5.0;
				TARGETED_DEVICE_FAMILY = "1,2";
			};
			name = Debug;
		};
		C9EDD0D82E57570C009B2A8D /* Release */ = {
			isa = XCBuildConfiguration;
			buildSettings = {
				ASSETCATALOG_COMPILER_APPICON_NAME = AppIcon;
				ASSETCATALOG_COMPILER_GLOBAL_ACCENT_COLOR_NAME = AccentColor;
				CODE_SIGN_STYLE = Automatic;
				CURRENT_PROJECT_VERSION = 1;
				ENABLE_PREVIEWS = YES;
				GENERATE_INFOPLIST_FILE = YES;
				INFOPLIST_KEY_UIApplicationSceneManifest_Generation = YES;
				INFOPLIST_KEY_UIApplicationSupportsIndirectInputEvents = YES;
				INFOPLIST_KEY_UILaunchScreen_Generation = YES;
				INFOPLIST_KEY_UISupportedInterfaceOrientations_iPad = "UIInterfaceOrientationPortrait UIInterfaceOrientationPortraitUpsideDown UIInterfaceOrientationLandscapeLeft UIInterfaceOrientationLandscapeRight";
				INFOPLIST_KEY_UISupportedInterfaceOrientations_iPhone = "UIInterfaceOrientationPortrait UIInterfaceOrientationLandscapeLeft UIInterfaceOrientationLandscapeRight";
				LD_RUNPATH_SEARCH_PATHS = (
					"$(inherited)",
					"@executable_path/Frameworks",
				);
				MARKETING_VERSION = 1.0;
				PRODUCT_BUNDLE_IDENTIFIER = "com.bondshield-V1.bondshield-v1";
				PRODUCT_NAME = "$(TARGET_NAME)";
				SWIFT_EMIT_LOC_STRINGS = YES;
				SWIFT_VERSION = 5.0;
				TARGETED_DEVICE_FAMILY = "1,2";
			};
			name = Release;
		};
		C9EDD0DA2E57570C009B2A8D /* Debug */ = {
			isa = XCBuildConfiguration;
			buildSettings = {
				BUNDLE_LOADER = "$(TEST_HOST)";
				CODE_SIGN_STYLE = Automatic;
				CURRENT_PROJECT_VERSION = 1;
				GENERATE_INFOPLIST_FILE = YES;
				IPHONEOS_DEPLOYMENT_TARGET = 18.5;
				MARKETING_VERSION = 1.0;
				PRODUCT_BUNDLE_IDENTIFIER = "com.bondshield-V1.bondshield-v1Tests";
				PRODUCT_NAME = "$(TARGET_NAME)";
				SWIFT_EMIT_LOC_STRINGS = NO;
				SWIFT_VERSION = 5.0;
				TARGETED_DEVICE_FAMILY = "1,2";
				TEST_HOST = "$(BUILT_PRODUCTS_DIR)/bondshield_v1.app/$(BUNDLE_EXECUTABLE_FOLDER_PATH)/bondshield_v1";
			};
			name = Debug;
		};
		C9EDD0DB2E57570C009B2A8D /* Release */ = {
			isa = XCBuildConfiguration;
			buildSettings = {
				BUNDLE_LOADER = "$(TEST_HOST)";
				CODE_SIGN_STYLE = Automatic;
				CURRENT_PROJECT_VERSION = 1;
				GENERATE_INFOPLIST_FILE = YES;
				IPHONEOS_DEPLOYMENT_TARGET = 18.5;
				MARKETING_VERSION = 1.0;
				PRODUCT_BUNDLE_IDENTIFIER = "com.bondshield-V1.bondshield-v1Tests";
				PRODUCT_NAME = "$(TARGET_NAME)";
				SWIFT_EMIT_LOC_STRINGS = NO;
				SWIFT_VERSION = 5.0;
				TARGETED_DEVICE_FAMILY = "1,2";
				TEST_HOST = "$(BUILT_PRODUCTS_DIR)/bondshield_v1.app/$(BUNDLE_EXECUTABLE_FOLDER_PATH)/bondshield_v1";
			};
			name = Release;
		};
		C9EDD0DD2E57570C009B2A8D /* Debug */ = {
			isa = XCBuildConfiguration;
			buildSettings = {
				CODE_SIGN_STYLE = Automatic;
				CURRENT_PROJECT_VERSION = 1;
				GENERATE_INFOPLIST_FILE = YES;
				MARKETING_VERSION = 1.0;
				PRODUCT_BUNDLE_IDENTIFIER = "com.bondshield-V1.bondshield-v1UITests";
				PRODUCT_NAME = "$(TARGET_NAME)";
				SWIFT_EMIT_LOC_STRINGS = NO;
				SWIFT_VERSION = 5.0;
				TARGETED_DEVICE_FAMILY = "1,2";
				TEST_TARGET_NAME = bondshield_v1;
			};
			name = Debug;
		};
		C9EDD0DE2E57570C009B2A8D /* Release */ = {
			isa = XCBuildConfiguration;
			buildSettings = {
				CODE_SIGN_STYLE = Automatic;
				CURRENT_PROJECT_VERSION = 1;
				GENERATE_INFOPLIST_FILE = YES;
				MARKETING_VERSION = 1.0;
				PRODUCT_BUNDLE_IDENTIFIER = "com.bondshield-V1.bondshield-v1UITests";
				PRODUCT_NAME = "$(TARGET_NAME)";
				SWIFT_EMIT_LOC_STRINGS = NO;
				SWIFT_VERSION = 5.0;
				TARGETED_DEVICE_FAMILY = "1,2";
				TEST_TARGET_NAME = bondshield_v1;
			};
			name = Release;
		};
/* End XCBuildConfiguration section */

/* Begin XCConfigurationList section */
		C9EDD0B02E57570A009B2A8D /* Build configuration list for PBXProject "bondshield_v1" */ = {
			isa = XCConfigurationList;
			buildConfigurations = (
				C9EDD0D42E57570C009B2A8D /* Debug */,
				C9EDD0D52E57570C009B2A8D /* Release */,
			);
			defaultConfigurationIsVisible = 0;
			defaultConfigurationName = Release;
		};
		C9EDD0D62E57570C009B2A8D /* Build configuration list for PBXNativeTarget "bondshield_v1" */ = {
			isa = XCConfigurationList;
			buildConfigurations = (
				C9EDD0D72E57570C009B2A8D /* Debug */,
				C9EDD0D82E57570C009B2A8D /* Release */,
			);
			defaultConfigurationIsVisible = 0;
			defaultConfigurationName = Release;
		};
		C9EDD0D92E57570C009B2A8D /* Build configuration list for PBXNativeTarget "bondshield_v1Tests" */ = {
			isa = XCConfigurationList;
			buildConfigurations = (
				C9EDD0DA2E57570C009B2A8D /* Debug */,
				C9EDD0DB2E57570C009B2A8D /* Release */,
			);
			defaultConfigurationIsVisible = 0;
			defaultConfigurationName = Release;
		};
		C9EDD0DC2E57570C009B2A8D /* Build configuration list for PBXNativeTarget "bondshield_v1UITests" */ = {
			isa = XCConfigurationList;
			buildConfigurations = (
				C9EDD0DD2E57570C009B2A8D /* Debug */,
				C9EDD0DE2E57570C009B2A8D /* Release */,
			);
			defaultConfigurationIsVisible = 0;
			defaultConfigurationName = Release;
		};
/* End XCConfigurationList section */
	};
	rootObject = C9EDD0AD2E57570A009B2A8D /* Project object */;
}
